
Microsoft Visual Studio Solution File, Format Version 12.00
# Visual Studio Version 17
VisualStudioVersion = 17.14.36408.4
MinimumVisualStudioVersion = 10.0.40219.1
Project("{FAE04EC0-301F-11D3-BF4B-00C04F79EFBC}") = "Testapp1", "Testapp1\Testapp1.csproj", "{69B31379-2294-4A72-8CB0-F173E2080478}"
EndProject
Project("{FAE04EC0-301F-11D3-BF4B-00C04F79EFBC}") = "Csalap2", "Csalap2\Csalap2.csproj", "{E45B53BF-6526-426F-81BD-76341B456D5C}"
EndProject
Project("{FAE04EC0-301F-11D3-BF4B-00C04F79EFBC}") = "Csalap3", "Csalap3\Csalap3.csproj", "{69D7A933-5C5D-416D-B463-E54BE424C23E}"
EndProject
Global
	GlobalSection(SolutionConfigurationPlatforms) = preSolution
		Debug|Any CPU = Debug|Any CPU
		Release|Any CPU = Release|Any CPU
	EndGlobalSection
	GlobalSection(ProjectConfigurationPlatforms) = postSolution
		{69B31379-2294-4A72-8CB0-F173E2080478}.Debug|Any CPU.ActiveCfg = Debug|Any CPU
		{69B31379-2294-4A72-8CB0-F173E2080478}.Debug|Any CPU.Build.0 = Debug|Any CPU
		{69B31379-2294-4A72-8CB0-F173E2080478}.Release|Any CPU.ActiveCfg = Release|Any CPU
		{69B31379-2294-4A72-8CB0-F173E2080478}.Release|Any CPU.Build.0 = Release|Any CPU
		{E45B53BF-6526-426F-81BD-76341B456D5C}.Debug|Any CPU.ActiveCfg = Debug|Any CPU
		{E45B53BF-6526-426F-81BD-76341B456D5C}.Debug|Any CPU.Build.0 = Debug|Any CPU
		{E45B53BF-6526-426F-81BD-76341B456D5C}.Release|Any CPU.ActiveCfg = Release|Any CPU
		{E45B53BF-6526-426F-81BD-76341B456D5C}.Release|Any CPU.Build.0 = Release|Any CPU
		{69D7A933-5C5D-416D-B463-E54BE424C23E}.Debug|Any CPU.ActiveCfg = Debug|Any CPU
		{69D7A933-5C5D-416D-B463-E54BE424C23E}.Debug|Any CPU.Build.0 = Debug|Any CPU
		{69D7A933-5C5D-416D-B463-E54BE424C23E}.Release|Any CPU.ActiveCfg = Release|Any CPU
		{69D7A933-5C5D-416D-B463-E54BE424C23E}.Release|Any CPU.Build.0 = Release|Any CPU
	EndGlobalSection
	GlobalSection(SolutionProperties) = preSolution
		HideSolutionNode = FALSE
	EndGlobalSection
	GlobalSection(ExtensibilityGlobals) = postSolution
		SolutionGuid = {412FA276-14F8-4F8F-A21E-2B90110C2E68}
	EndGlobalSection
EndGlobal
